
Microsoft Visual Studio Solution File, Format Version 12.00
# Visual Studio 15
VisualStudioVersion = 15.0.26124.0
MinimumVisualStudioVersion = 15.0.26124.0
Project("{FAE04EC0-301F-11D3-BF4B-00C04F79EFBC}") = "Domain", "src\Domain\Domain.csproj", "{80BDE92A-1664-458E-97EF-5959DCF55F3D}"
EndProject
Project("{FAE04EC0-301F-11D3-BF4B-00C04F79EFBC}") = "Domain.Tests", "tests\DomainTests\DomainTests.csproj", "{96ABDC6F-D6F1-4D1E-AF7F-1FA7879F9B65}"
EndProject
Project("{FAE04EC0-301F-11D3-BF4B-00C04F79EFBC}") = "DomainServices", "src\DomainServices\DomainServices.csproj", "{9703AE13-F0F2-4897-94A4-CF528823C534}"
EndProject
Project("{FAE04EC0-301F-11D3-BF4B-00C04F79EFBC}") = "DomainServicesTests", "tests\DomainServicesTests\DomainServicesTests.csproj", "{D189E8AF-A79B-4DE0-82E8-F886B03E253A}"
EndProject
Project("{2150E333-8FDC-42A3-9474-1A3956D46DE8}") = "src", "src", "{717F98F7-ED4D-4A07-87F4-38A6CDE31E41}"
EndProject
Project("{FAE04EC0-301F-11D3-BF4B-00C04F79EFBC}") = "ApplicationServices", "src\ApplicationServices\ApplicationServices.csproj", "{37EA2372-9B8A-4C6F-B8E7-85884FE761B1}"
EndProject
Project("{FAE04EC0-301F-11D3-BF4B-00C04F79EFBC}") = "Infrastructure", "src\Infrastructure\Infrastructure.csproj", "{736B7A81-B3B5-4B82-A2D8-1567934E30D4}"
EndProject
Project("{2150E333-8FDC-42A3-9474-1A3956D46DE8}") = "tests", "tests", "{AC1271CE-1647-4371-8A85-AB9EC6CA95A6}"
EndProject
Project("{FAE04EC0-301F-11D3-BF4B-00C04F79EFBC}") = "InfrastructureTests", "tests\InfrastructureTests\InfrastructureTests.csproj", "{ACADD0B4-CDCB-4674-82E3-3302F627451D}"
EndProject
Project("{FAE04EC0-301F-11D3-BF4B-00C04F79EFBC}") = "ApplicationServicesTests", "tests\ApplicationServicesTests\ApplicationServicesTests.csproj", "{CA71C175-45E7-451C-9DE9-41AFB5D3671B}"
EndProject
Global
	GlobalSection(SolutionConfigurationPlatforms) = preSolution
		Debug|Any CPU = Debug|Any CPU
		Debug|x64 = Debug|x64
		Debug|x86 = Debug|x86
		Release|Any CPU = Release|Any CPU
		Release|x64 = Release|x64
		Release|x86 = Release|x86
	EndGlobalSection
	GlobalSection(SolutionProperties) = preSolution
		HideSolutionNode = FALSE
	EndGlobalSection
	GlobalSection(ProjectConfigurationPlatforms) = postSolution
		{80BDE92A-1664-458E-97EF-5959DCF55F3D}.Debug|Any CPU.ActiveCfg = Debug|Any CPU
		{80BDE92A-1664-458E-97EF-5959DCF55F3D}.Debug|Any CPU.Build.0 = Debug|Any CPU
		{80BDE92A-1664-458E-97EF-5959DCF55F3D}.Debug|x64.ActiveCfg = Debug|Any CPU
		{80BDE92A-1664-458E-97EF-5959DCF55F3D}.Debug|x64.Build.0 = Debug|Any CPU
		{80BDE92A-1664-458E-97EF-5959DCF55F3D}.Debug|x86.ActiveCfg = Debug|Any CPU
		{80BDE92A-1664-458E-97EF-5959DCF55F3D}.Debug|x86.Build.0 = Debug|Any CPU
		{80BDE92A-1664-458E-97EF-5959DCF55F3D}.Release|Any CPU.ActiveCfg = Release|Any CPU
		{80BDE92A-1664-458E-97EF-5959DCF55F3D}.Release|Any CPU.Build.0 = Release|Any CPU
		{80BDE92A-1664-458E-97EF-5959DCF55F3D}.Release|x64.ActiveCfg = Release|Any CPU
		{80BDE92A-1664-458E-97EF-5959DCF55F3D}.Release|x64.Build.0 = Release|Any CPU
		{80BDE92A-1664-458E-97EF-5959DCF55F3D}.Release|x86.ActiveCfg = Release|Any CPU
		{80BDE92A-1664-458E-97EF-5959DCF55F3D}.Release|x86.Build.0 = Release|Any CPU
		{96ABDC6F-D6F1-4D1E-AF7F-1FA7879F9B65}.Debug|Any CPU.ActiveCfg = Debug|Any CPU
		{96ABDC6F-D6F1-4D1E-AF7F-1FA7879F9B65}.Debug|Any CPU.Build.0 = Debug|Any CPU
		{96ABDC6F-D6F1-4D1E-AF7F-1FA7879F9B65}.Debug|x64.ActiveCfg = Debug|Any CPU
		{96ABDC6F-D6F1-4D1E-AF7F-1FA7879F9B65}.Debug|x64.Build.0 = Debug|Any CPU
		{96ABDC6F-D6F1-4D1E-AF7F-1FA7879F9B65}.Debug|x86.ActiveCfg = Debug|Any CPU
		{96ABDC6F-D6F1-4D1E-AF7F-1FA7879F9B65}.Debug|x86.Build.0 = Debug|Any CPU
		{96ABDC6F-D6F1-4D1E-AF7F-1FA7879F9B65}.Release|Any CPU.ActiveCfg = Release|Any CPU
		{96ABDC6F-D6F1-4D1E-AF7F-1FA7879F9B65}.Release|Any CPU.Build.0 = Release|Any CPU
		{96ABDC6F-D6F1-4D1E-AF7F-1FA7879F9B65}.Release|x64.ActiveCfg = Release|Any CPU
		{96ABDC6F-D6F1-4D1E-AF7F-1FA7879F9B65}.Release|x64.Build.0 = Release|Any CPU
		{96ABDC6F-D6F1-4D1E-AF7F-1FA7879F9B65}.Release|x86.ActiveCfg = Release|Any CPU
		{96ABDC6F-D6F1-4D1E-AF7F-1FA7879F9B65}.Release|x86.Build.0 = Release|Any CPU
		{9703AE13-F0F2-4897-94A4-CF528823C534}.Debug|Any CPU.ActiveCfg = Debug|Any CPU
		{9703AE13-F0F2-4897-94A4-CF528823C534}.Debug|Any CPU.Build.0 = Debug|Any CPU
		{9703AE13-F0F2-4897-94A4-CF528823C534}.Debug|x64.ActiveCfg = Debug|Any CPU
		{9703AE13-F0F2-4897-94A4-CF528823C534}.Debug|x64.Build.0 = Debug|Any CPU
		{9703AE13-F0F2-4897-94A4-CF528823C534}.Debug|x86.ActiveCfg = Debug|Any CPU
		{9703AE13-F0F2-4897-94A4-CF528823C534}.Debug|x86.Build.0 = Debug|Any CPU
		{9703AE13-F0F2-4897-94A4-CF528823C534}.Release|Any CPU.ActiveCfg = Release|Any CPU
		{9703AE13-F0F2-4897-94A4-CF528823C534}.Release|Any CPU.Build.0 = Release|Any CPU
		{9703AE13-F0F2-4897-94A4-CF528823C534}.Release|x64.ActiveCfg = Release|Any CPU
		{9703AE13-F0F2-4897-94A4-CF528823C534}.Release|x64.Build.0 = Release|Any CPU
		{9703AE13-F0F2-4897-94A4-CF528823C534}.Release|x86.ActiveCfg = Release|Any CPU
		{9703AE13-F0F2-4897-94A4-CF528823C534}.Release|x86.Build.0 = Release|Any CPU
		{D189E8AF-A79B-4DE0-82E8-F886B03E253A}.Debug|Any CPU.ActiveCfg = Debug|Any CPU
		{D189E8AF-A79B-4DE0-82E8-F886B03E253A}.Debug|Any CPU.Build.0 = Debug|Any CPU
		{D189E8AF-A79B-4DE0-82E8-F886B03E253A}.Debug|x64.ActiveCfg = Debug|Any CPU
		{D189E8AF-A79B-4DE0-82E8-F886B03E253A}.Debug|x64.Build.0 = Debug|Any CPU
		{D189E8AF-A79B-4DE0-82E8-F886B03E253A}.Debug|x86.ActiveCfg = Debug|Any CPU
		{D189E8AF-A79B-4DE0-82E8-F886B03E253A}.Debug|x86.Build.0 = Debug|Any CPU
		{D189E8AF-A79B-4DE0-82E8-F886B03E253A}.Release|Any CPU.ActiveCfg = Release|Any CPU
		{D189E8AF-A79B-4DE0-82E8-F886B03E253A}.Release|Any CPU.Build.0 = Release|Any CPU
		{D189E8AF-A79B-4DE0-82E8-F886B03E253A}.Release|x64.ActiveCfg = Release|Any CPU
		{D189E8AF-A79B-4DE0-82E8-F886B03E253A}.Release|x64.Build.0 = Release|Any CPU
		{D189E8AF-A79B-4DE0-82E8-F886B03E253A}.Release|x86.ActiveCfg = Release|Any CPU
		{D189E8AF-A79B-4DE0-82E8-F886B03E253A}.Release|x86.Build.0 = Release|Any CPU
		{37EA2372-9B8A-4C6F-B8E7-85884FE761B1}.Debug|Any CPU.ActiveCfg = Debug|Any CPU
		{37EA2372-9B8A-4C6F-B8E7-85884FE761B1}.Debug|Any CPU.Build.0 = Debug|Any CPU
		{37EA2372-9B8A-4C6F-B8E7-85884FE761B1}.Debug|x64.ActiveCfg = Debug|Any CPU
		{37EA2372-9B8A-4C6F-B8E7-85884FE761B1}.Debug|x64.Build.0 = Debug|Any CPU
		{37EA2372-9B8A-4C6F-B8E7-85884FE761B1}.Debug|x86.ActiveCfg = Debug|Any CPU
		{37EA2372-9B8A-4C6F-B8E7-85884FE761B1}.Debug|x86.Build.0 = Debug|Any CPU
		{37EA2372-9B8A-4C6F-B8E7-85884FE761B1}.Release|Any CPU.ActiveCfg = Release|Any CPU
		{37EA2372-9B8A-4C6F-B8E7-85884FE761B1}.Release|Any CPU.Build.0 = Release|Any CPU
		{37EA2372-9B8A-4C6F-B8E7-85884FE761B1}.Release|x64.ActiveCfg = Release|Any CPU
		{37EA2372-9B8A-4C6F-B8E7-85884FE761B1}.Release|x64.Build.0 = Release|Any CPU
		{37EA2372-9B8A-4C6F-B8E7-85884FE761B1}.Release|x86.ActiveCfg = Release|Any CPU
		{37EA2372-9B8A-4C6F-B8E7-85884FE761B1}.Release|x86.Build.0 = Release|Any CPU
		{736B7A81-B3B5-4B82-A2D8-1567934E30D4}.Debug|Any CPU.ActiveCfg = Debug|Any CPU
		{736B7A81-B3B5-4B82-A2D8-1567934E30D4}.Debug|Any CPU.Build.0 = Debug|Any CPU
		{736B7A81-B3B5-4B82-A2D8-1567934E30D4}.Debug|x64.ActiveCfg = Debug|Any CPU
		{736B7A81-B3B5-4B82-A2D8-1567934E30D4}.Debug|x64.Build.0 = Debug|Any CPU
		{736B7A81-B3B5-4B82-A2D8-1567934E30D4}.Debug|x86.ActiveCfg = Debug|Any CPU
		{736B7A81-B3B5-4B82-A2D8-1567934E30D4}.Debug|x86.Build.0 = Debug|Any CPU
		{736B7A81-B3B5-4B82-A2D8-1567934E30D4}.Release|Any CPU.ActiveCfg = Release|Any CPU
		{736B7A81-B3B5-4B82-A2D8-1567934E30D4}.Release|Any CPU.Build.0 = Release|Any CPU
		{736B7A81-B3B5-4B82-A2D8-1567934E30D4}.Release|x64.ActiveCfg = Release|Any CPU
		{736B7A81-B3B5-4B82-A2D8-1567934E30D4}.Release|x64.Build.0 = Release|Any CPU
		{736B7A81-B3B5-4B82-A2D8-1567934E30D4}.Release|x86.ActiveCfg = Release|Any CPU
		{736B7A81-B3B5-4B82-A2D8-1567934E30D4}.Release|x86.Build.0 = Release|Any CPU
		{ACADD0B4-CDCB-4674-82E3-3302F627451D}.Debug|Any CPU.ActiveCfg = Debug|Any CPU
		{ACADD0B4-CDCB-4674-82E3-3302F627451D}.Debug|Any CPU.Build.0 = Debug|Any CPU
		{ACADD0B4-CDCB-4674-82E3-3302F627451D}.Debug|x64.ActiveCfg = Debug|Any CPU
		{ACADD0B4-CDCB-4674-82E3-3302F627451D}.Debug|x64.Build.0 = Debug|Any CPU
		{ACADD0B4-CDCB-4674-82E3-3302F627451D}.Debug|x86.ActiveCfg = Debug|Any CPU
		{ACADD0B4-CDCB-4674-82E3-3302F627451D}.Debug|x86.Build.0 = Debug|Any CPU
		{ACADD0B4-CDCB-4674-82E3-3302F627451D}.Release|Any CPU.ActiveCfg = Release|Any CPU
		{ACADD0B4-CDCB-4674-82E3-3302F627451D}.Release|Any CPU.Build.0 = Release|Any CPU
		{ACADD0B4-CDCB-4674-82E3-3302F627451D}.Release|x64.ActiveCfg = Release|Any CPU
		{ACADD0B4-CDCB-4674-82E3-3302F627451D}.Release|x64.Build.0 = Release|Any CPU
		{ACADD0B4-CDCB-4674-82E3-3302F627451D}.Release|x86.ActiveCfg = Release|Any CPU
		{ACADD0B4-CDCB-4674-82E3-3302F627451D}.Release|x86.Build.0 = Release|Any CPU
		{CA71C175-45E7-451C-9DE9-41AFB5D3671B}.Debug|Any CPU.ActiveCfg = Debug|Any CPU
		{CA71C175-45E7-451C-9DE9-41AFB5D3671B}.Debug|Any CPU.Build.0 = Debug|Any CPU
		{CA71C175-45E7-451C-9DE9-41AFB5D3671B}.Debug|x64.ActiveCfg = Debug|Any CPU
		{CA71C175-45E7-451C-9DE9-41AFB5D3671B}.Debug|x64.Build.0 = Debug|Any CPU
		{CA71C175-45E7-451C-9DE9-41AFB5D3671B}.Debug|x86.ActiveCfg = Debug|Any CPU
		{CA71C175-45E7-451C-9DE9-41AFB5D3671B}.Debug|x86.Build.0 = Debug|Any CPU
		{CA71C175-45E7-451C-9DE9-41AFB5D3671B}.Release|Any CPU.ActiveCfg = Release|Any CPU
		{CA71C175-45E7-451C-9DE9-41AFB5D3671B}.Release|Any CPU.Build.0 = Release|Any CPU
		{CA71C175-45E7-451C-9DE9-41AFB5D3671B}.Release|x64.ActiveCfg = Release|Any CPU
		{CA71C175-45E7-451C-9DE9-41AFB5D3671B}.Release|x64.Build.0 = Release|Any CPU
		{CA71C175-45E7-451C-9DE9-41AFB5D3671B}.Release|x86.ActiveCfg = Release|Any CPU
		{CA71C175-45E7-451C-9DE9-41AFB5D3671B}.Release|x86.Build.0 = Release|Any CPU
	EndGlobalSection
	GlobalSection(NestedProjects) = preSolution
		{37EA2372-9B8A-4C6F-B8E7-85884FE761B1} = {717F98F7-ED4D-4A07-87F4-38A6CDE31E41}
		{736B7A81-B3B5-4B82-A2D8-1567934E30D4} = {717F98F7-ED4D-4A07-87F4-38A6CDE31E41}
		{ACADD0B4-CDCB-4674-82E3-3302F627451D} = {AC1271CE-1647-4371-8A85-AB9EC6CA95A6}
		{CA71C175-45E7-451C-9DE9-41AFB5D3671B} = {AC1271CE-1647-4371-8A85-AB9EC6CA95A6}
	EndGlobalSection
EndGlobal
